
Microsoft Visual Studio Solution File, Format Version 12.00
Project("{FAE04EC0-301F-11D3-BF4B-00C04F79EFBC}") = "entrypoint", "entrypoint\entrypoint.csproj", "{5335A974-A4C4-4CB4-B31E-37809831FEA7}"
EndProject
Project("{2150E333-8FDC-42A3-9474-1A3956D46DE8}") = "SolutionItems", "SolutionItems", "{C11C9E2C-F34C-49C0-98B5-4224EF5A7126}"
	ProjectSection(SolutionItems) = preProject
		.gitignore = .gitignore
		ReadMe.md = ReadMe.md
		views.drawio = views.drawio
		compose.yaml = compose.yaml
		Dockerfile = Dockerfile
		.github\workflows\deploy.yml = .github\workflows\deploy.yml
	EndProjectSection
EndProject
Project("{FAE04EC0-301F-11D3-BF4B-00C04F79EFBC}") = "migrations", "migrations\migrations.csproj", "{D3463D57-6D3A-4C66-9664-3EF48A6B2CE1}"
EndProject
Project("{FAE04EC0-301F-11D3-BF4B-00C04F79EFBC}") = "core", "core\core.csproj", "{6956D25A-19AD-47CF-8E33-7555A0FFAE14}"
EndProject
Project("{FAE04EC0-301F-11D3-BF4B-00C04F79EFBC}") = "services", "services\services.csproj", "{11999DB6-6E85-497F-B2BE-AD1D1D92E73E}"
EndProject
Project("{2150E333-8FDC-42A3-9474-1A3956D46DE8}") = "Tests", "Tests", "{1EE60536-DC9E-422E-B348-074769A18907}"
EndProject
Project("{FAE04EC0-301F-11D3-BF4B-00C04F79EFBC}") = "ServiceTests", "ServiceTests\ServiceTests.csproj", "{B827F09B-A3F6-4061-94CC-792F9A209B0C}"
EndProject
Project("{FAE04EC0-301F-11D3-BF4B-00C04F79EFBC}") = "Helpers", "Helpers\Helpers.csproj", "{770766BE-8701-4D12-8A8A-AA2B6BEEDEA7}"
EndProject
Project("{FAE04EC0-301F-11D3-BF4B-00C04F79EFBC}") = "DataTests", "DataTests\DataTests.csproj", "{79E163E8-620D-410A-A407-1A57A9800670}"
EndProject
Global
	GlobalSection(SolutionConfigurationPlatforms) = preSolution
		Debug|Any CPU = Debug|Any CPU
		Release|Any CPU = Release|Any CPU
	EndGlobalSection
	GlobalSection(ProjectConfigurationPlatforms) = postSolution
		{5335A974-A4C4-4CB4-B31E-37809831FEA7}.Debug|Any CPU.ActiveCfg = Debug|Any CPU
		{5335A974-A4C4-4CB4-B31E-37809831FEA7}.Debug|Any CPU.Build.0 = Debug|Any CPU
		{5335A974-A4C4-4CB4-B31E-37809831FEA7}.Release|Any CPU.ActiveCfg = Release|Any CPU
		{5335A974-A4C4-4CB4-B31E-37809831FEA7}.Release|Any CPU.Build.0 = Release|Any CPU
		{D3463D57-6D3A-4C66-9664-3EF48A6B2CE1}.Debug|Any CPU.ActiveCfg = Debug|Any CPU
		{D3463D57-6D3A-4C66-9664-3EF48A6B2CE1}.Debug|Any CPU.Build.0 = Debug|Any CPU
		{D3463D57-6D3A-4C66-9664-3EF48A6B2CE1}.Release|Any CPU.ActiveCfg = Release|Any CPU
		{D3463D57-6D3A-4C66-9664-3EF48A6B2CE1}.Release|Any CPU.Build.0 = Release|Any CPU
		{6956D25A-19AD-47CF-8E33-7555A0FFAE14}.Debug|Any CPU.ActiveCfg = Debug|Any CPU
		{6956D25A-19AD-47CF-8E33-7555A0FFAE14}.Debug|Any CPU.Build.0 = Debug|Any CPU
		{6956D25A-19AD-47CF-8E33-7555A0FFAE14}.Release|Any CPU.ActiveCfg = Release|Any CPU
		{6956D25A-19AD-47CF-8E33-7555A0FFAE14}.Release|Any CPU.Build.0 = Release|Any CPU
		{11999DB6-6E85-497F-B2BE-AD1D1D92E73E}.Debug|Any CPU.ActiveCfg = Debug|Any CPU
		{11999DB6-6E85-497F-B2BE-AD1D1D92E73E}.Debug|Any CPU.Build.0 = Debug|Any CPU
		{11999DB6-6E85-497F-B2BE-AD1D1D92E73E}.Release|Any CPU.ActiveCfg = Release|Any CPU
		{11999DB6-6E85-497F-B2BE-AD1D1D92E73E}.Release|Any CPU.Build.0 = Release|Any CPU
		{B827F09B-A3F6-4061-94CC-792F9A209B0C}.Debug|Any CPU.ActiveCfg = Debug|Any CPU
		{B827F09B-A3F6-4061-94CC-792F9A209B0C}.Debug|Any CPU.Build.0 = Debug|Any CPU
		{B827F09B-A3F6-4061-94CC-792F9A209B0C}.Release|Any CPU.ActiveCfg = Release|Any CPU
		{B827F09B-A3F6-4061-94CC-792F9A209B0C}.Release|Any CPU.Build.0 = Release|Any CPU
		{770766BE-8701-4D12-8A8A-AA2B6BEEDEA7}.Debug|Any CPU.ActiveCfg = Debug|Any CPU
		{770766BE-8701-4D12-8A8A-AA2B6BEEDEA7}.Debug|Any CPU.Build.0 = Debug|Any CPU
		{770766BE-8701-4D12-8A8A-AA2B6BEEDEA7}.Release|Any CPU.ActiveCfg = Release|Any CPU
		{770766BE-8701-4D12-8A8A-AA2B6BEEDEA7}.Release|Any CPU.Build.0 = Release|Any CPU
		{79E163E8-620D-410A-A407-1A57A9800670}.Debug|Any CPU.ActiveCfg = Debug|Any CPU
		{79E163E8-620D-410A-A407-1A57A9800670}.Debug|Any CPU.Build.0 = Debug|Any CPU
		{79E163E8-620D-410A-A407-1A57A9800670}.Release|Any CPU.ActiveCfg = Release|Any CPU
		{79E163E8-620D-410A-A407-1A57A9800670}.Release|Any CPU.Build.0 = Release|Any CPU
	EndGlobalSection
	GlobalSection(NestedProjects) = preSolution
		{B827F09B-A3F6-4061-94CC-792F9A209B0C} = {1EE60536-DC9E-422E-B348-074769A18907}
		{770766BE-8701-4D12-8A8A-AA2B6BEEDEA7} = {1EE60536-DC9E-422E-B348-074769A18907}
		{79E163E8-620D-410A-A407-1A57A9800670} = {1EE60536-DC9E-422E-B348-074769A18907}
	EndGlobalSection
EndGlobal
